PODS:
  - DYMRollingBanner (2.1.4):
    - SDWebImage (~> 3.7.3)
  - SDWebImage (3.7.3):
    - SDWebImage/Core (= 3.7.3)
  - SDWebImage/Core (3.7.3)

DEPENDENCIES:
  - DYMRollingBanner (from `../`)
  - SDWebImage (~> 3.7.3)

EXTERNAL SOURCES:
  DYMRollingBanner:
    :path: ../

SPEC CHECKSUMS:
  DYMRollingBanner: f80589df553906af74834e4c93233fe3e05a8b5f
  SDWebImage: 1d2b1a1efda1ade1b00b6f8498865f8ddedc8a84

COCOAPODS: 0.39.0
